
Microsoft Visual Studio Solution File, Format Version 12.00
# Visual Studio Version 17
VisualStudioVersion = 17.9.34616.47
MinimumVisualStudioVersion = 10.0.40219.1
Project("{2150E333-8FDC-42A3-9474-1A3956D46DE8}") = "Framwork", "Framwork", "{62753117-E6DF-4212-88EE-876536581457}"
EndProject
Project("{9A19103F-16F7-4668-BE54-9A1E7A4F7556}") = "Framework.Persistence", "Framework\Framework.Core.Persistence\Framework.Persistence.csproj", "{2DFA3CD3-9D78-4A68-87BF-BBF6DD2C3091}"
EndProject
Project("{9A19103F-16F7-4668-BE54-9A1E7A4F7556}") = "Framework.DependencyInjection", "Framework\Framework.DependencyInjection\Framework.DependencyInjection.csproj", "{F94F9070-45A9-4C87-B2D3-3EA7B7ED2A7F}"
EndProject
Project("{9A19103F-16F7-4668-BE54-9A1E7A4F7556}") = "Framework.Domain", "Framework\Framework.Domain\Framework.Domain.csproj", "{917053A6-F3A3-4966-B5C0-F92694220534}"
EndProject
Project("{9A19103F-16F7-4668-BE54-9A1E7A4F7556}") = "Framework.Core", "Framework\Framework.Core\Framework.Core.csproj", "{9C47049A-3426-4BD1-B4A3-C7AE09FDB00B}"
EndProject
Project("{9A19103F-16F7-4668-BE54-9A1E7A4F7556}") = "Framework.EntityFrameworkCore", "Framework\Framework.EntityFrameworkCore\Framework.EntityFrameworkCore.csproj", "{6E8143B7-77AC-498A-9339-C763948983D1}"
EndProject
Project("{9A19103F-16F7-4668-BE54-9A1E7A4F7556}") = "Framework.Facade", "Framework\Framework.Facade\Framework.Facade.csproj", "{A1B2BEC7-5B0C-420E-8F53-3305D7A69173}"
EndProject
Project("{9A19103F-16F7-4668-BE54-9A1E7A4F7556}") = "Framework.MediatR", "Framework\Framework.MediatR\Framework.MediatR.csproj", "{F6D8070C-B3D6-40DB-AEA2-67F8FED54E6F}"
EndProject
Project("{2150E333-8FDC-42A3-9474-1A3956D46DE8}") = "ReadModel", "ReadModel", "{AAA61401-C76B-4055-80F9-ABB4227FFD59}"
EndProject
Project("{2150E333-8FDC-42A3-9474-1A3956D46DE8}") = "WriteModel", "WriteModel", "{EFF7CAC6-6F44-41EC-A584-9961DA1B540C}"
EndProject
Project("{2150E333-8FDC-42A3-9474-1A3956D46DE8}") = "Test", "Test", "{212075E0-9A34-45F3-B1AA-660AA1670A7A}"
EndProject
Project("{2150E333-8FDC-42A3-9474-1A3956D46DE8}") = "EndPoints", "EndPoints", "{C9B795FB-0435-4E29-96E9-9F1A5790C14F}"
EndProject
Project("{9A19103F-16F7-4668-BE54-9A1E7A4F7556}") = "Contacts.DomainTest", "Test\Contacts.DomainTest\Contacts.DomainTest.csproj", "{7D6F1F2C-9387-4D60-8D4D-4B9C030F82BF}"
EndProject
Project("{9A19103F-16F7-4668-BE54-9A1E7A4F7556}") = "ContactContext.Domain", "WriteModel\ContactContext.Domain\ContactContext.Domain.csproj", "{26F69FCA-6DD8-4082-92A8-A79E3AF90392}"
EndProject
Project("{2150E333-8FDC-42A3-9474-1A3956D46DE8}") = "ContactContext", "ContactContext", "{C82D6251-2AB2-4E80-8BB4-0E107F4FA4F4}"
EndProject
Project("{2150E333-8FDC-42A3-9474-1A3956D46DE8}") = "Application", "Application", "{BDF8DA0D-D90F-4A7D-AB60-D879B78B45BC}"
EndProject
Project("{2150E333-8FDC-42A3-9474-1A3956D46DE8}") = "Domain", "Domain", "{0789F740-2DF8-445C-B2CA-7BCFC8967333}"
EndProject
Project("{2150E333-8FDC-42A3-9474-1A3956D46DE8}") = "Facade", "Facade", "{09A1B457-A049-46FF-8231-87B7D0FCAE37}"
EndProject
Project("{2150E333-8FDC-42A3-9474-1A3956D46DE8}") = "Infrastructure", "Infrastructure", "{66AE4AD5-7DA7-43B3-A450-5D653C6109CF}"
EndProject
Project("{9A19103F-16F7-4668-BE54-9A1E7A4F7556}") = "ContactContext.Resource", "WriteModel\ContactContext.Resource\ContactContext.Resource.csproj", "{6AE9E313-3679-400E-A73A-58EE9C9AA6CC}"
EndProject
Project("{9A19103F-16F7-4668-BE54-9A1E7A4F7556}") = "ContactContext.Domain.Service", "WriteModel\Application\ContactContext.Domain.Service\ContactContext.Domain.Service.csproj", "{9B8B4F7C-AF71-498B-A840-EA9E3302038A}"
EndProject
Project("{9A19103F-16F7-4668-BE54-9A1E7A4F7556}") = "ContactsContext.Infrastructure", "WriteModel\ContactsContext.Infrastructure\ContactsContext.Infrastructure.csproj", "{BE25A9B0-DB1B-4219-A3DF-F1C8D22E6AB4}"
EndProject
Project("{9A19103F-16F7-4668-BE54-9A1E7A4F7556}") = "ContactContext.Configuration", "WriteModel\ContactContext.Configuration\ContactContext.Configuration.csproj", "{540D70F9-0E1C-4116-B189-35B2808E0256}"
EndProject
Project("{9A19103F-16F7-4668-BE54-9A1E7A4F7556}") = "API", "EndPoints\API\API.csproj", "{A428A74D-214E-46E1-91F4-33B6BAF91FB6}"
EndProject
Project("{9A19103F-16F7-4668-BE54-9A1E7A4F7556}") = "ContactContext.Application", "WriteModel\ContactContext.Application\ContactContext.Application.csproj", "{C56D537E-7134-4BE5-B54B-C57BC6E68477}"
EndProject
Project("{9A19103F-16F7-4668-BE54-9A1E7A4F7556}") = "ContactContext.Application.Contract", "WriteModel\ContactContext.Application.Contract\ContactContext.Application.Contract.csproj", "{27618116-95AB-4EAF-8129-090E17A0D62E}"
EndProject
Project("{9A19103F-16F7-4668-BE54-9A1E7A4F7556}") = "ContactContext.Facade", "WriteModel\ContactContext.Facade\ContactContext.Facade.csproj", "{454C740D-BECE-48D5-9916-807C9514492E}"
EndProject
Project("{9A19103F-16F7-4668-BE54-9A1E7A4F7556}") = "ContactContext.Facade.Contract", "WriteModel\ContactContext.Facade.Contract\ContactContext.Facade.Contract.csproj", "{ED9D369A-0A79-42C7-9F9B-06A5BA040640}"
EndProject
Project("{2150E333-8FDC-42A3-9474-1A3956D46DE8}") = "Application", "Application", "{F2271715-51E7-4322-99FD-8E430B294AF3}"
EndProject
Project("{2150E333-8FDC-42A3-9474-1A3956D46DE8}") = "Facade", "Facade", "{1BDAF6B6-C2CF-49E5-ABF2-14F10247F4FA}"
EndProject
Project("{2150E333-8FDC-42A3-9474-1A3956D46DE8}") = "Infrastructure", "Infrastructure", "{2582AC07-D096-4FCB-AD74-6094A6598867}"
EndProject
Project("{FAE04EC0-301F-11D3-BF4B-00C04F79EFBC}") = "ReadModel.Application", "ReadModel\ReadModel.Application\ReadModel.Application.csproj", "{BFEF6068-FCF4-4B76-BFFC-9FAEE8B8AE60}"
EndProject
Project("{FAE04EC0-301F-11D3-BF4B-00C04F79EFBC}") = "ReadModel.Application.Contract", "ReadModel\ReadModel.Application.Contract\ReadModel.Application.Contract.csproj", "{1DF91043-8711-4946-BC86-F371EFE00DDC}"
EndProject
Project("{FAE04EC0-301F-11D3-BF4B-00C04F79EFBC}") = "ReadModel.Facade", "ReadModel\ReadModel.Facade\ReadModel.Facade.csproj", "{A70C6AA7-5999-47CB-9A0A-1CD0DD2CDA09}"
EndProject
Project("{FAE04EC0-301F-11D3-BF4B-00C04F79EFBC}") = "ReadModel.Facade.Contract", "ReadModel\ReadModel.Facade.Contract\ReadModel.Facade.Contract.csproj", "{4B2D6D5E-FD30-4BDB-B5D9-396A5ABE74F6}"
EndProject
Project("{FAE04EC0-301F-11D3-BF4B-00C04F79EFBC}") = "ReadModel.Infrastructure", "ReadModel\ReadModel.Infrastructure\ReadModel.Infrastructure.csproj", "{FC5EE0CC-5395-4188-82E3-3A0AACE7AB4E}"
EndProject
Project("{FAE04EC0-301F-11D3-BF4B-00C04F79EFBC}") = "ContactContext.Domain.Contract", "WriteModel\ContactContext.Domain.Contract\ContactContext.Domain.Contract.csproj", "{0D97DA3A-1093-4F12-AB43-2F5ABD0C8DBB}"
EndProject
Project("{FAE04EC0-301F-11D3-BF4B-00C04F79EFBC}") = "ContactContext.Acceptance.Test", "Test\ContactContext.Acceptance.Test\ContactContext.Acceptance.Test.csproj", "{36CBBC0A-0C85-485D-B745-522A7125CD35}"
EndProject
Global
	GlobalSection(SolutionConfigurationPlatforms) = preSolution
		Debug|Any CPU = Debug|Any CPU
		Release|Any CPU = Release|Any CPU
	EndGlobalSection
	GlobalSection(ProjectConfigurationPlatforms) = postSolution
		{2DFA3CD3-9D78-4A68-87BF-BBF6DD2C3091}.Debug|Any CPU.ActiveCfg = Debug|Any CPU
		{2DFA3CD3-9D78-4A68-87BF-BBF6DD2C3091}.Debug|Any CPU.Build.0 = Debug|Any CPU
		{2DFA3CD3-9D78-4A68-87BF-BBF6DD2C3091}.Release|Any CPU.ActiveCfg = Release|Any CPU
		{2DFA3CD3-9D78-4A68-87BF-BBF6DD2C3091}.Release|Any CPU.Build.0 = Release|Any CPU
		{F94F9070-45A9-4C87-B2D3-3EA7B7ED2A7F}.Debug|Any CPU.ActiveCfg = Debug|Any CPU
		{F94F9070-45A9-4C87-B2D3-3EA7B7ED2A7F}.Debug|Any CPU.Build.0 = Debug|Any CPU
		{F94F9070-45A9-4C87-B2D3-3EA7B7ED2A7F}.Release|Any CPU.ActiveCfg = Release|Any CPU
		{F94F9070-45A9-4C87-B2D3-3EA7B7ED2A7F}.Release|Any CPU.Build.0 = Release|Any CPU
		{917053A6-F3A3-4966-B5C0-F92694220534}.Debug|Any CPU.ActiveCfg = Debug|Any CPU
		{917053A6-F3A3-4966-B5C0-F92694220534}.Debug|Any CPU.Build.0 = Debug|Any CPU
		{917053A6-F3A3-4966-B5C0-F92694220534}.Release|Any CPU.ActiveCfg = Release|Any CPU
		{917053A6-F3A3-4966-B5C0-F92694220534}.Release|Any CPU.Build.0 = Release|Any CPU
		{9C47049A-3426-4BD1-B4A3-C7AE09FDB00B}.Debug|Any CPU.ActiveCfg = Debug|Any CPU
		{9C47049A-3426-4BD1-B4A3-C7AE09FDB00B}.Debug|Any CPU.Build.0 = Debug|Any CPU
		{9C47049A-3426-4BD1-B4A3-C7AE09FDB00B}.Release|Any CPU.ActiveCfg = Release|Any CPU
		{9C47049A-3426-4BD1-B4A3-C7AE09FDB00B}.Release|Any CPU.Build.0 = Release|Any CPU
		{6E8143B7-77AC-498A-9339-C763948983D1}.Debug|Any CPU.ActiveCfg = Debug|Any CPU
		{6E8143B7-77AC-498A-9339-C763948983D1}.Debug|Any CPU.Build.0 = Debug|Any CPU
		{6E8143B7-77AC-498A-9339-C763948983D1}.Release|Any CPU.ActiveCfg = Release|Any CPU
		{6E8143B7-77AC-498A-9339-C763948983D1}.Release|Any CPU.Build.0 = Release|Any CPU
		{A1B2BEC7-5B0C-420E-8F53-3305D7A69173}.Debug|Any CPU.ActiveCfg = Debug|Any CPU
		{A1B2BEC7-5B0C-420E-8F53-3305D7A69173}.Debug|Any CPU.Build.0 = Debug|Any CPU
		{A1B2BEC7-5B0C-420E-8F53-3305D7A69173}.Release|Any CPU.ActiveCfg = Release|Any CPU
		{A1B2BEC7-5B0C-420E-8F53-3305D7A69173}.Release|Any CPU.Build.0 = Release|Any CPU
		{F6D8070C-B3D6-40DB-AEA2-67F8FED54E6F}.Debug|Any CPU.ActiveCfg = Debug|Any CPU
		{F6D8070C-B3D6-40DB-AEA2-67F8FED54E6F}.Debug|Any CPU.Build.0 = Debug|Any CPU
		{F6D8070C-B3D6-40DB-AEA2-67F8FED54E6F}.Release|Any CPU.ActiveCfg = Release|Any CPU
		{F6D8070C-B3D6-40DB-AEA2-67F8FED54E6F}.Release|Any CPU.Build.0 = Release|Any CPU
		{7D6F1F2C-9387-4D60-8D4D-4B9C030F82BF}.Debug|Any CPU.ActiveCfg = Debug|Any CPU
		{7D6F1F2C-9387-4D60-8D4D-4B9C030F82BF}.Debug|Any CPU.Build.0 = Debug|Any CPU
		{7D6F1F2C-9387-4D60-8D4D-4B9C030F82BF}.Release|Any CPU.ActiveCfg = Release|Any CPU
		{7D6F1F2C-9387-4D60-8D4D-4B9C030F82BF}.Release|Any CPU.Build.0 = Release|Any CPU
		{26F69FCA-6DD8-4082-92A8-A79E3AF90392}.Debug|Any CPU.ActiveCfg = Debug|Any CPU
		{26F69FCA-6DD8-4082-92A8-A79E3AF90392}.Debug|Any CPU.Build.0 = Debug|Any CPU
		{26F69FCA-6DD8-4082-92A8-A79E3AF90392}.Release|Any CPU.ActiveCfg = Release|Any CPU
		{26F69FCA-6DD8-4082-92A8-A79E3AF90392}.Release|Any CPU.Build.0 = Release|Any CPU
		{6AE9E313-3679-400E-A73A-58EE9C9AA6CC}.Debug|Any CPU.ActiveCfg = Debug|Any CPU
		{6AE9E313-3679-400E-A73A-58EE9C9AA6CC}.Debug|Any CPU.Build.0 = Debug|Any CPU
		{6AE9E313-3679-400E-A73A-58EE9C9AA6CC}.Release|Any CPU.ActiveCfg = Release|Any CPU
		{6AE9E313-3679-400E-A73A-58EE9C9AA6CC}.Release|Any CPU.Build.0 = Release|Any CPU
		{9B8B4F7C-AF71-498B-A840-EA9E3302038A}.Debug|Any CPU.ActiveCfg = Debug|Any CPU
		{9B8B4F7C-AF71-498B-A840-EA9E3302038A}.Debug|Any CPU.Build.0 = Debug|Any CPU
		{9B8B4F7C-AF71-498B-A840-EA9E3302038A}.Release|Any CPU.ActiveCfg = Release|Any CPU
		{9B8B4F7C-AF71-498B-A840-EA9E3302038A}.Release|Any CPU.Build.0 = Release|Any CPU
		{BE25A9B0-DB1B-4219-A3DF-F1C8D22E6AB4}.Debug|Any CPU.ActiveCfg = Debug|Any CPU
		{BE25A9B0-DB1B-4219-A3DF-F1C8D22E6AB4}.Debug|Any CPU.Build.0 = Debug|Any CPU
		{BE25A9B0-DB1B-4219-A3DF-F1C8D22E6AB4}.Release|Any CPU.ActiveCfg = Release|Any CPU
		{BE25A9B0-DB1B-4219-A3DF-F1C8D22E6AB4}.Release|Any CPU.Build.0 = Release|Any CPU
		{540D70F9-0E1C-4116-B189-35B2808E0256}.Debug|Any CPU.ActiveCfg = Debug|Any CPU
		{540D70F9-0E1C-4116-B189-35B2808E0256}.Debug|Any CPU.Build.0 = Debug|Any CPU
		{540D70F9-0E1C-4116-B189-35B2808E0256}.Release|Any CPU.ActiveCfg = Release|Any CPU
		{540D70F9-0E1C-4116-B189-35B2808E0256}.Release|Any CPU.Build.0 = Release|Any CPU
		{A428A74D-214E-46E1-91F4-33B6BAF91FB6}.Debug|Any CPU.ActiveCfg = Debug|Any CPU
		{A428A74D-214E-46E1-91F4-33B6BAF91FB6}.Debug|Any CPU.Build.0 = Debug|Any CPU
		{A428A74D-214E-46E1-91F4-33B6BAF91FB6}.Release|Any CPU.ActiveCfg = Release|Any CPU
		{A428A74D-214E-46E1-91F4-33B6BAF91FB6}.Release|Any CPU.Build.0 = Release|Any CPU
		{C56D537E-7134-4BE5-B54B-C57BC6E68477}.Debug|Any CPU.ActiveCfg = Debug|Any CPU
		{C56D537E-7134-4BE5-B54B-C57BC6E68477}.Debug|Any CPU.Build.0 = Debug|Any CPU
		{C56D537E-7134-4BE5-B54B-C57BC6E68477}.Release|Any CPU.ActiveCfg = Release|Any CPU
		{C56D537E-7134-4BE5-B54B-C57BC6E68477}.Release|Any CPU.Build.0 = Release|Any CPU
		{27618116-95AB-4EAF-8129-090E17A0D62E}.Debug|Any CPU.ActiveCfg = Debug|Any CPU
		{27618116-95AB-4EAF-8129-090E17A0D62E}.Debug|Any CPU.Build.0 = Debug|Any CPU
		{27618116-95AB-4EAF-8129-090E17A0D62E}.Release|Any CPU.ActiveCfg = Release|Any CPU
		{27618116-95AB-4EAF-8129-090E17A0D62E}.Release|Any CPU.Build.0 = Release|Any CPU
		{454C740D-BECE-48D5-9916-807C9514492E}.Debug|Any CPU.ActiveCfg = Debug|Any CPU
		{454C740D-BECE-48D5-9916-807C9514492E}.Debug|Any CPU.Build.0 = Debug|Any CPU
		{454C740D-BECE-48D5-9916-807C9514492E}.Release|Any CPU.ActiveCfg = Release|Any CPU
		{454C740D-BECE-48D5-9916-807C9514492E}.Release|Any CPU.Build.0 = Release|Any CPU
		{ED9D369A-0A79-42C7-9F9B-06A5BA040640}.Debug|Any CPU.ActiveCfg = Debug|Any CPU
		{ED9D369A-0A79-42C7-9F9B-06A5BA040640}.Debug|Any CPU.Build.0 = Debug|Any CPU
		{ED9D369A-0A79-42C7-9F9B-06A5BA040640}.Release|Any CPU.ActiveCfg = Release|Any CPU
		{ED9D369A-0A79-42C7-9F9B-06A5BA040640}.Release|Any CPU.Build.0 = Release|Any CPU
		{BFEF6068-FCF4-4B76-BFFC-9FAEE8B8AE60}.Debug|Any CPU.ActiveCfg = Debug|Any CPU
		{BFEF6068-FCF4-4B76-BFFC-9FAEE8B8AE60}.Debug|Any CPU.Build.0 = Debug|Any CPU
		{BFEF6068-FCF4-4B76-BFFC-9FAEE8B8AE60}.Release|Any CPU.ActiveCfg = Release|Any CPU
		{BFEF6068-FCF4-4B76-BFFC-9FAEE8B8AE60}.Release|Any CPU.Build.0 = Release|Any CPU
		{1DF91043-8711-4946-BC86-F371EFE00DDC}.Debug|Any CPU.ActiveCfg = Debug|Any CPU
		{1DF91043-8711-4946-BC86-F371EFE00DDC}.Debug|Any CPU.Build.0 = Debug|Any CPU
		{1DF91043-8711-4946-BC86-F371EFE00DDC}.Release|Any CPU.ActiveCfg = Release|Any CPU
		{1DF91043-8711-4946-BC86-F371EFE00DDC}.Release|Any CPU.Build.0 = Release|Any CPU
		{A70C6AA7-5999-47CB-9A0A-1CD0DD2CDA09}.Debug|Any CPU.ActiveCfg = Debug|Any CPU
		{A70C6AA7-5999-47CB-9A0A-1CD0DD2CDA09}.Debug|Any CPU.Build.0 = Debug|Any CPU
		{A70C6AA7-5999-47CB-9A0A-1CD0DD2CDA09}.Release|Any CPU.ActiveCfg = Release|Any CPU
		{A70C6AA7-5999-47CB-9A0A-1CD0DD2CDA09}.Release|Any CPU.Build.0 = Release|Any CPU
		{4B2D6D5E-FD30-4BDB-B5D9-396A5ABE74F6}.Debug|Any CPU.ActiveCfg = Debug|Any CPU
		{4B2D6D5E-FD30-4BDB-B5D9-396A5ABE74F6}.Debug|Any CPU.Build.0 = Debug|Any CPU
		{4B2D6D5E-FD30-4BDB-B5D9-396A5ABE74F6}.Release|Any CPU.ActiveCfg = Release|Any CPU
		{4B2D6D5E-FD30-4BDB-B5D9-396A5ABE74F6}.Release|Any CPU.Build.0 = Release|Any CPU
		{FC5EE0CC-5395-4188-82E3-3A0AACE7AB4E}.Debug|Any CPU.ActiveCfg = Debug|Any CPU
		{FC5EE0CC-5395-4188-82E3-3A0AACE7AB4E}.Debug|Any CPU.Build.0 = Debug|Any CPU
		{FC5EE0CC-5395-4188-82E3-3A0AACE7AB4E}.Release|Any CPU.ActiveCfg = Release|Any CPU
		{FC5EE0CC-5395-4188-82E3-3A0AACE7AB4E}.Release|Any CPU.Build.0 = Release|Any CPU
		{0D97DA3A-1093-4F12-AB43-2F5ABD0C8DBB}.Debug|Any CPU.ActiveCfg = Debug|Any CPU
		{0D97DA3A-1093-4F12-AB43-2F5ABD0C8DBB}.Debug|Any CPU.Build.0 = Debug|Any CPU
		{0D97DA3A-1093-4F12-AB43-2F5ABD0C8DBB}.Release|Any CPU.ActiveCfg = Release|Any CPU
		{0D97DA3A-1093-4F12-AB43-2F5ABD0C8DBB}.Release|Any CPU.Build.0 = Release|Any CPU
		{36CBBC0A-0C85-485D-B745-522A7125CD35}.Debug|Any CPU.ActiveCfg = Debug|Any CPU
		{36CBBC0A-0C85-485D-B745-522A7125CD35}.Debug|Any CPU.Build.0 = Debug|Any CPU
		{36CBBC0A-0C85-485D-B745-522A7125CD35}.Release|Any CPU.ActiveCfg = Release|Any CPU
		{36CBBC0A-0C85-485D-B745-522A7125CD35}.Release|Any CPU.Build.0 = Release|Any CPU
	EndGlobalSection
	GlobalSection(SolutionProperties) = preSolution
		HideSolutionNode = FALSE
	EndGlobalSection
	GlobalSection(NestedProjects) = preSolution
		{2DFA3CD3-9D78-4A68-87BF-BBF6DD2C3091} = {62753117-E6DF-4212-88EE-876536581457}
		{F94F9070-45A9-4C87-B2D3-3EA7B7ED2A7F} = {62753117-E6DF-4212-88EE-876536581457}
		{917053A6-F3A3-4966-B5C0-F92694220534} = {62753117-E6DF-4212-88EE-876536581457}
		{9C47049A-3426-4BD1-B4A3-C7AE09FDB00B} = {62753117-E6DF-4212-88EE-876536581457}
		{6E8143B7-77AC-498A-9339-C763948983D1} = {62753117-E6DF-4212-88EE-876536581457}
		{A1B2BEC7-5B0C-420E-8F53-3305D7A69173} = {62753117-E6DF-4212-88EE-876536581457}
		{F6D8070C-B3D6-40DB-AEA2-67F8FED54E6F} = {62753117-E6DF-4212-88EE-876536581457}
		{7D6F1F2C-9387-4D60-8D4D-4B9C030F82BF} = {212075E0-9A34-45F3-B1AA-660AA1670A7A}
		{26F69FCA-6DD8-4082-92A8-A79E3AF90392} = {0789F740-2DF8-445C-B2CA-7BCFC8967333}
		{C82D6251-2AB2-4E80-8BB4-0E107F4FA4F4} = {EFF7CAC6-6F44-41EC-A584-9961DA1B540C}
		{BDF8DA0D-D90F-4A7D-AB60-D879B78B45BC} = {C82D6251-2AB2-4E80-8BB4-0E107F4FA4F4}
		{0789F740-2DF8-445C-B2CA-7BCFC8967333} = {C82D6251-2AB2-4E80-8BB4-0E107F4FA4F4}
		{09A1B457-A049-46FF-8231-87B7D0FCAE37} = {C82D6251-2AB2-4E80-8BB4-0E107F4FA4F4}
		{66AE4AD5-7DA7-43B3-A450-5D653C6109CF} = {C82D6251-2AB2-4E80-8BB4-0E107F4FA4F4}
		{6AE9E313-3679-400E-A73A-58EE9C9AA6CC} = {C82D6251-2AB2-4E80-8BB4-0E107F4FA4F4}
		{9B8B4F7C-AF71-498B-A840-EA9E3302038A} = {0789F740-2DF8-445C-B2CA-7BCFC8967333}
		{BE25A9B0-DB1B-4219-A3DF-F1C8D22E6AB4} = {66AE4AD5-7DA7-43B3-A450-5D653C6109CF}
		{540D70F9-0E1C-4116-B189-35B2808E0256} = {C82D6251-2AB2-4E80-8BB4-0E107F4FA4F4}
		{A428A74D-214E-46E1-91F4-33B6BAF91FB6} = {C9B795FB-0435-4E29-96E9-9F1A5790C14F}
		{C56D537E-7134-4BE5-B54B-C57BC6E68477} = {BDF8DA0D-D90F-4A7D-AB60-D879B78B45BC}
		{27618116-95AB-4EAF-8129-090E17A0D62E} = {BDF8DA0D-D90F-4A7D-AB60-D879B78B45BC}
		{454C740D-BECE-48D5-9916-807C9514492E} = {09A1B457-A049-46FF-8231-87B7D0FCAE37}
		{ED9D369A-0A79-42C7-9F9B-06A5BA040640} = {09A1B457-A049-46FF-8231-87B7D0FCAE37}
		{F2271715-51E7-4322-99FD-8E430B294AF3} = {AAA61401-C76B-4055-80F9-ABB4227FFD59}
		{1BDAF6B6-C2CF-49E5-ABF2-14F10247F4FA} = {AAA61401-C76B-4055-80F9-ABB4227FFD59}
		{2582AC07-D096-4FCB-AD74-6094A6598867} = {AAA61401-C76B-4055-80F9-ABB4227FFD59}
		{BFEF6068-FCF4-4B76-BFFC-9FAEE8B8AE60} = {F2271715-51E7-4322-99FD-8E430B294AF3}
		{1DF91043-8711-4946-BC86-F371EFE00DDC} = {F2271715-51E7-4322-99FD-8E430B294AF3}
		{A70C6AA7-5999-47CB-9A0A-1CD0DD2CDA09} = {1BDAF6B6-C2CF-49E5-ABF2-14F10247F4FA}
		{4B2D6D5E-FD30-4BDB-B5D9-396A5ABE74F6} = {1BDAF6B6-C2CF-49E5-ABF2-14F10247F4FA}
		{FC5EE0CC-5395-4188-82E3-3A0AACE7AB4E} = {2582AC07-D096-4FCB-AD74-6094A6598867}
		{0D97DA3A-1093-4F12-AB43-2F5ABD0C8DBB} = {0789F740-2DF8-445C-B2CA-7BCFC8967333}
		{36CBBC0A-0C85-485D-B745-522A7125CD35} = {212075E0-9A34-45F3-B1AA-660AA1670A7A}
	EndGlobalSection
	GlobalSection(ExtensibilityGlobals) = postSolution
		SolutionGuid = {A500799B-F969-4EE4-8AF3-1FCE783C83AB}
	EndGlobalSection
EndGlobal
